
Microsoft Visual Studio Solution File, Format Version 12.00
# Visual Studio 15
VisualStudioVersion = 15.0.28307.1585
MinimumVisualStudioVersion = 10.0.40219.1
Project("{FAE04EC0-301F-11D3-BF4B-00C04F79EFBC}") = "GameManager", "GameManager\GameManager.csproj", "{1CE42BE5-A849-491D-A073-2DC59F3E18FE}"
EndProject
Global
	GlobalSection(SolutionConfigurationPlatforms) = preSolution
		Debug|Any CPU = Debug|Any CPU
		Release|Any CPU = Release|Any CPU
	EndGlobalSection
	GlobalSection(ProjectConfigurationPlatforms) = postSolution
		{1CE42BE5-A849-491D-A073-2DC59F3E18FE}.Debug|Any CPU.ActiveCfg = Debug|Any CPU
		{1CE42BE5-A849-491D-A073-2DC59F3E18FE}.Debug|Any CPU.Build.0 = Debug|Any CPU
		{1CE42BE5-A849-491D-A073-2DC59F3E18FE}.Release|Any CPU.ActiveCfg = Release|Any CPU
		{1CE42BE5-A849-491D-A073-2DC59F3E18FE}.Release|Any CPU.Build.0 = Release|Any CPU
	EndGlobalSection
	GlobalSection(SolutionProperties) = preSolution
		HideSolutionNode = FALSE
	EndGlobalSection
	GlobalSection(ExtensibilityGlobals) = postSolution
		SolutionGuid = {53A3DCF6-FBA1-41DA-89B7-6D518891557D}
	EndGlobalSection
EndGlobal
